
Microsoft Visual Studio Solution File, Format Version 12.00
# Visual Studio 14
VisualStudioVersion = 14.0.24720.0
MinimumVisualStudioVersion = 10.0.40219.1
Project("{2150E333-8FDC-42A3-9474-1A3956D46DE8}") = "GWI-MiniHIS", "GWI-MiniHIS", "{9808B3CD-1B2B-4BD1-8F01-6A6C6DF00255}"
EndProject
Project("{2150E333-8FDC-42A3-9474-1A3956D46DE8}") = "Public-HIS", "Public-HIS", "{51A96F2C-6AA7-46CF-A27C-C94F467712DD}"
EndProject
Project("{FAE04EC0-301F-11D3-BF4B-00C04F79EFBC}") = "TownShipHIS", "GWI-MiniHIS\TownShipHIS\TownShipHIS.csproj", "{8B6138A3-B108-42F7-9713-944D27DBBB35}"
EndProject
Project("{FAE04EC0-301F-11D3-BF4B-00C04F79EFBC}") = "HIS_ZYManager", "GWI-MiniHIS\HIS_ZYManager\HIS_ZYManager.csproj", "{912F2DD8-7F0D-4E3D-AF07-C6229D5876EF}"
EndProject
Project("{FAE04EC0-301F-11D3-BF4B-00C04F79EFBC}") = "HIS.ZY_BLL", "Public-HIS\HIS.ZY_BLL\HIS.ZY_BLL.csproj", "{19DC990D-6D1D-4F50-83E8-3E4FEDDA6D97}"
EndProject
Project("{FAE04EC0-301F-11D3-BF4B-00C04F79EFBC}") = "HIS_PublicManager", "GWI-MiniHIS\HIS_PublicManager\HIS_PublicManager.csproj", "{A0328ED7-13B4-49A7-8093-710E1ACAD80E}"
EndProject
Project("{FAE04EC0-301F-11D3-BF4B-00C04F79EFBC}") = "HIS.Public_BLL", "Public-HIS\HIS.Public_BLL\HIS.Public_BLL.csproj", "{315F2CF2-5EAB-4D1C-B224-06C25FA2556D}"
EndProject
Project("{FAE04EC0-301F-11D3-BF4B-00C04F79EFBC}") = "HIS_ZYDocManager", "GWI-MiniHIS\HIS_ZYDocManager\HIS_ZYDocManager.csproj", "{42C22B76-2CEE-4C60-BAC0-F296050DAFFB}"
EndProject
Project("{FAE04EC0-301F-11D3-BF4B-00C04F79EFBC}") = "HIS.ZYDoc_BLL", "Public-HIS\HIS.ZYDoc_BLL\HIS.ZYDoc_BLL.csproj", "{8E10CEE1-A2D4-413E-B8D3-36134976B56D}"
EndProject
Project("{FAE04EC0-301F-11D3-BF4B-00C04F79EFBC}") = "HIS_BaseManager", "GWI-MiniHIS\HIS_BaseManager\HIS_BaseManager.csproj", "{164B2B21-BA19-4C3D-B97F-FA7EFA7B4BD8}"
EndProject
Project("{FAE04EC0-301F-11D3-BF4B-00C04F79EFBC}") = "HIS_MZDocManager", "GWI-MiniHIS\HIS_MZDocManager\HIS_MZDocManager.csproj", "{EE0A467E-0706-4CC5-8F31-1F5A32933FCE}"
EndProject
Project("{FAE04EC0-301F-11D3-BF4B-00C04F79EFBC}") = "HIS_MZManager", "GWI-MiniHIS\HIS_MZManager\HIS_MZManager.csproj", "{3FF7DE30-4868-4E62-8C07-0D7439DC8B7B}"
EndProject
Project("{FAE04EC0-301F-11D3-BF4B-00C04F79EFBC}") = "HIS_YPManager", "GWI-MiniHIS\HIS_YPManager\HIS_YPManager.csproj", "{9BFA75CD-F35C-466F-B797-742E0D97CF6A}"
EndProject
Project("{FAE04EC0-301F-11D3-BF4B-00C04F79EFBC}") = "HIS_ZYNurseManager", "GWI-MiniHIS\HIS_ZYNurseManager\HIS_ZYNurseManager.csproj", "{1482397B-B764-49C6-8B51-C2758130583C}"
EndProject
Project("{FAE04EC0-301F-11D3-BF4B-00C04F79EFBC}") = "HIS.Base_BLL", "Public-HIS\HIS.Base_BLL\HIS.Base_BLL.csproj", "{C2A0B478-E7B6-4216-8A06-F11B75B506B4}"
EndProject
Project("{FAE04EC0-301F-11D3-BF4B-00C04F79EFBC}") = "HIS.Entity", "Public-HIS\HIS.Entity\HIS.Entity.csproj", "{9FD609C2-B3D3-47A9-B087-A3647DE6F8CB}"
EndProject
Project("{FAE04EC0-301F-11D3-BF4B-00C04F79EFBC}") = "HIS.Interface", "Public-HIS\HIS.Interface\HIS.Interface.csproj", "{6798B52A-D999-4005-94BF-D92EA602A0D9}"
EndProject
Project("{FAE04EC0-301F-11D3-BF4B-00C04F79EFBC}") = "HIS.MZ_BLL", "Public-HIS\HIS.MZ_BLL\HIS.MZ_BLL.csproj", "{024DC798-990B-419E-B1D9-B5C06C679C01}"
EndProject
Project("{FAE04EC0-301F-11D3-BF4B-00C04F79EFBC}") = "HIS.MZDoc_BLL", "Public-HIS\HIS.MZDoc_BLL\HIS.MZDoc_BLL.csproj", "{B571EC62-34DF-41C0-B2D1-7F787A157BDF}"
EndProject
Project("{FAE04EC0-301F-11D3-BF4B-00C04F79EFBC}") = "HIS.YP_BLL", "Public-HIS\HIS.YP_BLL\HIS.YP_BLL.csproj", "{DF256C72-00AE-4D26-A821-698B088251F5}"
EndProject
Project("{FAE04EC0-301F-11D3-BF4B-00C04F79EFBC}") = "HIS.ZYNurse_BLL", "Public-HIS\HIS.ZYNurse_BLL\HIS.ZYNurse_BLL.csproj", "{0D83658B-BA71-4A0C-BA47-9CA100660BAD}"
EndProject
Project("{FAE04EC0-301F-11D3-BF4B-00C04F79EFBC}") = "HIS_YZCXManager", "GWI-MiniHIS\HIS_YZCXManager\HIS_YZCXManager.csproj", "{D435A59C-157B-4BF5-B6C7-03371B688D44}"
EndProject
Project("{FAE04EC0-301F-11D3-BF4B-00C04F79EFBC}") = "HIS.YZCX_BLL", "Public-HIS\HIS.YZCX_BLL\HIS.YZCX_BLL.csproj", "{78E37369-C60D-4673-BC09-66CA537125D1}"
EndProject
Project("{FAE04EC0-301F-11D3-BF4B-00C04F79EFBC}") = "HIS.MedicalConfir_BLL", "Public-HIS\HIS.MedicalConfir_BLL\HIS.MedicalConfir_BLL.csproj", "{856843F0-A669-40CC-8A80-3797CD01489A}"
EndProject
Project("{FAE04EC0-301F-11D3-BF4B-00C04F79EFBC}") = "HIS_MediConfirManager", "GWI-MiniHIS\HIS_MediConfirManager\HIS_MediConfirManager.csproj", "{CCC12150-CFC3-4F99-B1DC-3193B40A64CE}"
EndProject
Project("{FAE04EC0-301F-11D3-BF4B-00C04F79EFBC}") = "HIS_EMRManager", "GWI-MiniHIS\HIS_EMRManager\HIS_EMRManager.csproj", "{40568B6F-3BC9-42E5-8F18-C5AD5CCC404F}"
EndProject
Project("{FAE04EC0-301F-11D3-BF4B-00C04F79EFBC}") = "HIS.EMR_BLL", "Public-HIS\HIS.EMR_BLL\HIS.EMR_BLL.csproj", "{AB934D31-2D95-42D5-B1A0-EC02D6AA19AF}"
EndProject
Project("{FAE04EC0-301F-11D3-BF4B-00C04F79EFBC}") = "HIS.SS_BLL", "Public-HIS\HIS.SS_BLL\HIS.SS_BLL.csproj", "{DE90F206-9B94-44A6-B339-DB5E72EC123A}"
EndProject
Project("{FAE04EC0-301F-11D3-BF4B-00C04F79EFBC}") = "HIS_SSManager", "GWI-MiniHIS\HIS_SSManager\HIS_SSManager.csproj", "{CA8D4913-C531-4E8A-87D1-E8DF7F18B0B4}"
EndProject
Project("{FAE04EC0-301F-11D3-BF4B-00C04F79EFBC}") = "HIS_MediInsInterface", "GWI-MiniHIS\ExternalInterface\HIS_MediInsInterface\HIS_MediInsInterface.csproj", "{134A4D4B-6705-401F-9AFD-2C05EB15DF20}"
EndProject
Project("{FAE04EC0-301F-11D3-BF4B-00C04F79EFBC}") = "HIS.MediInsInterface_BLL", "Public-HIS\ExternalInterface\HIS.MediInsInterface_BLL\HIS.MediInsInterface_BLL.csproj", "{6336A813-BC60-4DBD-A4BA-4CCBD7DE388F}"
EndProject
Project("{FAE04EC0-301F-11D3-BF4B-00C04F79EFBC}") = "HIS.Report_BLL", "Public-HIS\HIS.Report_BLL\HIS.Report_BLL.csproj", "{8A0123CF-6F20-4D3D-A9B2-670486008FD3}"
EndProject
Project("{FAE04EC0-301F-11D3-BF4B-00C04F79EFBC}") = "HIS_ReportManager", "GWI-MiniHIS\HIS_ReportManager\HIS_ReportManager.csproj", "{E77A6A4B-26EB-4F3A-B152-ED8B0CBF91A7}"
EndProject
Global
	GlobalSection(SolutionConfigurationPlatforms) = preSolution
		Debug|Any CPU = Debug|Any CPU
		Release|Any CPU = Release|Any CPU
	EndGlobalSection
	GlobalSection(ProjectConfigurationPlatforms) = postSolution
		{8B6138A3-B108-42F7-9713-944D27DBBB35}.Debug|Any CPU.ActiveCfg = Debug|Any CPU
		{8B6138A3-B108-42F7-9713-944D27DBBB35}.Debug|Any CPU.Build.0 = Debug|Any CPU
		{8B6138A3-B108-42F7-9713-944D27DBBB35}.Release|Any CPU.ActiveCfg = Release|Any CPU
		{8B6138A3-B108-42F7-9713-944D27DBBB35}.Release|Any CPU.Build.0 = Release|Any CPU
		{912F2DD8-7F0D-4E3D-AF07-C6229D5876EF}.Debug|Any CPU.ActiveCfg = Debug|Any CPU
		{912F2DD8-7F0D-4E3D-AF07-C6229D5876EF}.Debug|Any CPU.Build.0 = Debug|Any CPU
		{912F2DD8-7F0D-4E3D-AF07-C6229D5876EF}.Release|Any CPU.ActiveCfg = Release|Any CPU
		{912F2DD8-7F0D-4E3D-AF07-C6229D5876EF}.Release|Any CPU.Build.0 = Release|Any CPU
		{19DC990D-6D1D-4F50-83E8-3E4FEDDA6D97}.Debug|Any CPU.ActiveCfg = Debug|Any CPU
		{19DC990D-6D1D-4F50-83E8-3E4FEDDA6D97}.Debug|Any CPU.Build.0 = Debug|Any CPU
		{19DC990D-6D1D-4F50-83E8-3E4FEDDA6D97}.Release|Any CPU.ActiveCfg = Release|Any CPU
		{19DC990D-6D1D-4F50-83E8-3E4FEDDA6D97}.Release|Any CPU.Build.0 = Release|Any CPU
		{A0328ED7-13B4-49A7-8093-710E1ACAD80E}.Debug|Any CPU.ActiveCfg = Debug|Any CPU
		{A0328ED7-13B4-49A7-8093-710E1ACAD80E}.Debug|Any CPU.Build.0 = Debug|Any CPU
		{A0328ED7-13B4-49A7-8093-710E1ACAD80E}.Release|Any CPU.ActiveCfg = Release|Any CPU
		{A0328ED7-13B4-49A7-8093-710E1ACAD80E}.Release|Any CPU.Build.0 = Release|Any CPU
		{315F2CF2-5EAB-4D1C-B224-06C25FA2556D}.Debug|Any CPU.ActiveCfg = Debug|Any CPU
		{315F2CF2-5EAB-4D1C-B224-06C25FA2556D}.Debug|Any CPU.Build.0 = Debug|Any CPU
		{315F2CF2-5EAB-4D1C-B224-06C25FA2556D}.Release|Any CPU.ActiveCfg = Release|Any CPU
		{315F2CF2-5EAB-4D1C-B224-06C25FA2556D}.Release|Any CPU.Build.0 = Release|Any CPU
		{42C22B76-2CEE-4C60-BAC0-F296050DAFFB}.Debug|Any CPU.ActiveCfg = Debug|Any CPU
		{42C22B76-2CEE-4C60-BAC0-F296050DAFFB}.Debug|Any CPU.Build.0 = Debug|Any CPU
		{42C22B76-2CEE-4C60-BAC0-F296050DAFFB}.Release|Any CPU.ActiveCfg = Release|Any CPU
		{42C22B76-2CEE-4C60-BAC0-F296050DAFFB}.Release|Any CPU.Build.0 = Release|Any CPU
		{8E10CEE1-A2D4-413E-B8D3-36134976B56D}.Debug|Any CPU.ActiveCfg = Debug|Any CPU
		{8E10CEE1-A2D4-413E-B8D3-36134976B56D}.Debug|Any CPU.Build.0 = Debug|Any CPU
		{8E10CEE1-A2D4-413E-B8D3-36134976B56D}.Release|Any CPU.ActiveCfg = Release|Any CPU
		{8E10CEE1-A2D4-413E-B8D3-36134976B56D}.Release|Any CPU.Build.0 = Release|Any CPU
		{164B2B21-BA19-4C3D-B97F-FA7EFA7B4BD8}.Debug|Any CPU.ActiveCfg = Debug|Any CPU
		{164B2B21-BA19-4C3D-B97F-FA7EFA7B4BD8}.Debug|Any CPU.Build.0 = Debug|Any CPU
		{164B2B21-BA19-4C3D-B97F-FA7EFA7B4BD8}.Release|Any CPU.ActiveCfg = Release|Any CPU
		{164B2B21-BA19-4C3D-B97F-FA7EFA7B4BD8}.Release|Any CPU.Build.0 = Release|Any CPU
		{EE0A467E-0706-4CC5-8F31-1F5A32933FCE}.Debug|Any CPU.ActiveCfg = Debug|Any CPU
		{EE0A467E-0706-4CC5-8F31-1F5A32933FCE}.Debug|Any CPU.Build.0 = Debug|Any CPU
		{EE0A467E-0706-4CC5-8F31-1F5A32933FCE}.Release|Any CPU.ActiveCfg = Release|Any CPU
		{EE0A467E-0706-4CC5-8F31-1F5A32933FCE}.Release|Any CPU.Build.0 = Release|Any CPU
		{3FF7DE30-4868-4E62-8C07-0D7439DC8B7B}.Debug|Any CPU.ActiveCfg = Debug|Any CPU
		{3FF7DE30-4868-4E62-8C07-0D7439DC8B7B}.Debug|Any CPU.Build.0 = Debug|Any CPU
		{3FF7DE30-4868-4E62-8C07-0D7439DC8B7B}.Release|Any CPU.ActiveCfg = Release|Any CPU
		{3FF7DE30-4868-4E62-8C07-0D7439DC8B7B}.Release|Any CPU.Build.0 = Release|Any CPU
		{9BFA75CD-F35C-466F-B797-742E0D97CF6A}.Debug|Any CPU.ActiveCfg = Debug|Any CPU
		{9BFA75CD-F35C-466F-B797-742E0D97CF6A}.Debug|Any CPU.Build.0 = Debug|Any CPU
		{9BFA75CD-F35C-466F-B797-742E0D97CF6A}.Release|Any CPU.ActiveCfg = Release|Any CPU
		{9BFA75CD-F35C-466F-B797-742E0D97CF6A}.Release|Any CPU.Build.0 = Release|Any CPU
		{1482397B-B764-49C6-8B51-C2758130583C}.Debug|Any CPU.ActiveCfg = Debug|Any CPU
		{1482397B-B764-49C6-8B51-C2758130583C}.Debug|Any CPU.Build.0 = Debug|Any CPU
		{1482397B-B764-49C6-8B51-C2758130583C}.Release|Any CPU.ActiveCfg = Release|Any CPU
		{1482397B-B764-49C6-8B51-C2758130583C}.Release|Any CPU.Build.0 = Release|Any CPU
		{C2A0B478-E7B6-4216-8A06-F11B75B506B4}.Debug|Any CPU.ActiveCfg = Debug|Any CPU
		{C2A0B478-E7B6-4216-8A06-F11B75B506B4}.Debug|Any CPU.Build.0 = Debug|Any CPU
		{C2A0B478-E7B6-4216-8A06-F11B75B506B4}.Release|Any CPU.ActiveCfg = Release|Any CPU
		{C2A0B478-E7B6-4216-8A06-F11B75B506B4}.Release|Any CPU.Build.0 = Release|Any CPU
		{9FD609C2-B3D3-47A9-B087-A3647DE6F8CB}.Debug|Any CPU.ActiveCfg = Debug|Any CPU
		{9FD609C2-B3D3-47A9-B087-A3647DE6F8CB}.Debug|Any CPU.Build.0 = Debug|Any CPU
		{9FD609C2-B3D3-47A9-B087-A3647DE6F8CB}.Release|Any CPU.ActiveCfg = Release|Any CPU
		{9FD609C2-B3D3-47A9-B087-A3647DE6F8CB}.Release|Any CPU.Build.0 = Release|Any CPU
		{6798B52A-D999-4005-94BF-D92EA602A0D9}.Debug|Any CPU.ActiveCfg = Debug|Any CPU
		{6798B52A-D999-4005-94BF-D92EA602A0D9}.Debug|Any CPU.Build.0 = Debug|Any CPU
		{6798B52A-D999-4005-94BF-D92EA602A0D9}.Release|Any CPU.ActiveCfg = Release|Any CPU
		{6798B52A-D999-4005-94BF-D92EA602A0D9}.Release|Any CPU.Build.0 = Release|Any CPU
		{024DC798-990B-419E-B1D9-B5C06C679C01}.Debug|Any CPU.ActiveCfg = Debug|Any CPU
		{024DC798-990B-419E-B1D9-B5C06C679C01}.Debug|Any CPU.Build.0 = Debug|Any CPU
		{024DC798-990B-419E-B1D9-B5C06C679C01}.Release|Any CPU.ActiveCfg = Release|Any CPU
		{024DC798-990B-419E-B1D9-B5C06C679C01}.Release|Any CPU.Build.0 = Release|Any CPU
		{B571EC62-34DF-41C0-B2D1-7F787A157BDF}.Debug|Any CPU.ActiveCfg = Debug|Any CPU
		{B571EC62-34DF-41C0-B2D1-7F787A157BDF}.Debug|Any CPU.Build.0 = Debug|Any CPU
		{B571EC62-34DF-41C0-B2D1-7F787A157BDF}.Release|Any CPU.ActiveCfg = Release|Any CPU
		{B571EC62-34DF-41C0-B2D1-7F787A157BDF}.Release|Any CPU.Build.0 = Release|Any CPU
		{DF256C72-00AE-4D26-A821-698B088251F5}.Debug|Any CPU.ActiveCfg = Debug|Any CPU
		{DF256C72-00AE-4D26-A821-698B088251F5}.Debug|Any CPU.Build.0 = Debug|Any CPU
		{DF256C72-00AE-4D26-A821-698B088251F5}.Release|Any CPU.ActiveCfg = Release|Any CPU
		{DF256C72-00AE-4D26-A821-698B088251F5}.Release|Any CPU.Build.0 = Release|Any CPU
		{0D83658B-BA71-4A0C-BA47-9CA100660BAD}.Debug|Any CPU.ActiveCfg = Debug|Any CPU
		{0D83658B-BA71-4A0C-BA47-9CA100660BAD}.Debug|Any CPU.Build.0 = Debug|Any CPU
		{0D83658B-BA71-4A0C-BA47-9CA100660BAD}.Release|Any CPU.ActiveCfg = Release|Any CPU
		{0D83658B-BA71-4A0C-BA47-9CA100660BAD}.Release|Any CPU.Build.0 = Release|Any CPU
		{D435A59C-157B-4BF5-B6C7-03371B688D44}.Debug|Any CPU.ActiveCfg = Debug|Any CPU
		{D435A59C-157B-4BF5-B6C7-03371B688D44}.Debug|Any CPU.Build.0 = Debug|Any CPU
		{D435A59C-157B-4BF5-B6C7-03371B688D44}.Release|Any CPU.ActiveCfg = Release|Any CPU
		{D435A59C-157B-4BF5-B6C7-03371B688D44}.Release|Any CPU.Build.0 = Release|Any CPU
		{78E37369-C60D-4673-BC09-66CA537125D1}.Debug|Any CPU.ActiveCfg = Debug|Any CPU
		{78E37369-C60D-4673-BC09-66CA537125D1}.Debug|Any CPU.Build.0 = Debug|Any CPU
		{78E37369-C60D-4673-BC09-66CA537125D1}.Release|Any CPU.ActiveCfg = Release|Any CPU
		{78E37369-C60D-4673-BC09-66CA537125D1}.Release|Any CPU.Build.0 = Release|Any CPU
		{856843F0-A669-40CC-8A80-3797CD01489A}.Debug|Any CPU.ActiveCfg = Debug|Any CPU
		{856843F0-A669-40CC-8A80-3797CD01489A}.Debug|Any CPU.Build.0 = Debug|Any CPU
		{856843F0-A669-40CC-8A80-3797CD01489A}.Release|Any CPU.ActiveCfg = Release|Any CPU
		{856843F0-A669-40CC-8A80-3797CD01489A}.Release|Any CPU.Build.0 = Release|Any CPU
		{CCC12150-CFC3-4F99-B1DC-3193B40A64CE}.Debug|Any CPU.ActiveCfg = Debug|Any CPU
		{CCC12150-CFC3-4F99-B1DC-3193B40A64CE}.Debug|Any CPU.Build.0 = Debug|Any CPU
		{CCC12150-CFC3-4F99-B1DC-3193B40A64CE}.Release|Any CPU.ActiveCfg = Release|Any CPU
		{CCC12150-CFC3-4F99-B1DC-3193B40A64CE}.Release|Any CPU.Build.0 = Release|Any CPU
		{40568B6F-3BC9-42E5-8F18-C5AD5CCC404F}.Debug|Any CPU.ActiveCfg = Debug|Any CPU
		{40568B6F-3BC9-42E5-8F18-C5AD5CCC404F}.Debug|Any CPU.Build.0 = Debug|Any CPU
		{40568B6F-3BC9-42E5-8F18-C5AD5CCC404F}.Release|Any CPU.ActiveCfg = Release|Any CPU
		{40568B6F-3BC9-42E5-8F18-C5AD5CCC404F}.Release|Any CPU.Build.0 = Release|Any CPU
		{AB934D31-2D95-42D5-B1A0-EC02D6AA19AF}.Debug|Any CPU.ActiveCfg = Debug|Any CPU
		{AB934D31-2D95-42D5-B1A0-EC02D6AA19AF}.Debug|Any CPU.Build.0 = Debug|Any CPU
		{AB934D31-2D95-42D5-B1A0-EC02D6AA19AF}.Release|Any CPU.ActiveCfg = Release|Any CPU
		{AB934D31-2D95-42D5-B1A0-EC02D6AA19AF}.Release|Any CPU.Build.0 = Release|Any CPU
		{DE90F206-9B94-44A6-B339-DB5E72EC123A}.Debug|Any CPU.ActiveCfg = Debug|Any CPU
		{DE90F206-9B94-44A6-B339-DB5E72EC123A}.Debug|Any CPU.Build.0 = Debug|Any CPU
		{DE90F206-9B94-44A6-B339-DB5E72EC123A}.Release|Any CPU.ActiveCfg = Release|Any CPU
		{DE90F206-9B94-44A6-B339-DB5E72EC123A}.Release|Any CPU.Build.0 = Release|Any CPU
		{CA8D4913-C531-4E8A-87D1-E8DF7F18B0B4}.Debug|Any CPU.ActiveCfg = Debug|Any CPU
		{CA8D4913-C531-4E8A-87D1-E8DF7F18B0B4}.Debug|Any CPU.Build.0 = Debug|Any CPU
		{CA8D4913-C531-4E8A-87D1-E8DF7F18B0B4}.Release|Any CPU.ActiveCfg = Release|Any CPU
		{CA8D4913-C531-4E8A-87D1-E8DF7F18B0B4}.Release|Any CPU.Build.0 = Release|Any CPU
		{134A4D4B-6705-401F-9AFD-2C05EB15DF20}.Debug|Any CPU.ActiveCfg = Debug|Any CPU
		{134A4D4B-6705-401F-9AFD-2C05EB15DF20}.Debug|Any CPU.Build.0 = Debug|Any CPU
		{134A4D4B-6705-401F-9AFD-2C05EB15DF20}.Release|Any CPU.ActiveCfg = Release|Any CPU
		{134A4D4B-6705-401F-9AFD-2C05EB15DF20}.Release|Any CPU.Build.0 = Release|Any CPU
		{6336A813-BC60-4DBD-A4BA-4CCBD7DE388F}.Debug|Any CPU.ActiveCfg = Debug|Any CPU
		{6336A813-BC60-4DBD-A4BA-4CCBD7DE388F}.Debug|Any CPU.Build.0 = Debug|Any CPU
		{6336A813-BC60-4DBD-A4BA-4CCBD7DE388F}.Release|Any CPU.ActiveCfg = Release|Any CPU
		{6336A813-BC60-4DBD-A4BA-4CCBD7DE388F}.Release|Any CPU.Build.0 = Release|Any CPU
		{8A0123CF-6F20-4D3D-A9B2-670486008FD3}.Debug|Any CPU.ActiveCfg = Debug|Any CPU
		{8A0123CF-6F20-4D3D-A9B2-670486008FD3}.Debug|Any CPU.Build.0 = Debug|Any CPU
		{8A0123CF-6F20-4D3D-A9B2-670486008FD3}.Release|Any CPU.ActiveCfg = Release|Any CPU
		{8A0123CF-6F20-4D3D-A9B2-670486008FD3}.Release|Any CPU.Build.0 = Release|Any CPU
		{E77A6A4B-26EB-4F3A-B152-ED8B0CBF91A7}.Debug|Any CPU.ActiveCfg = Debug|Any CPU
		{E77A6A4B-26EB-4F3A-B152-ED8B0CBF91A7}.Debug|Any CPU.Build.0 = Debug|Any CPU
		{E77A6A4B-26EB-4F3A-B152-ED8B0CBF91A7}.Release|Any CPU.ActiveCfg = Release|Any CPU
		{E77A6A4B-26EB-4F3A-B152-ED8B0CBF91A7}.Release|Any CPU.Build.0 = Release|Any CPU
	EndGlobalSection
	GlobalSection(SolutionProperties) = preSolution
		HideSolutionNode = FALSE
	EndGlobalSection
	GlobalSection(NestedProjects) = preSolution
		{912F2DD8-7F0D-4E3D-AF07-C6229D5876EF} = {9808B3CD-1B2B-4BD1-8F01-6A6C6DF00255}
		{19DC990D-6D1D-4F50-83E8-3E4FEDDA6D97} = {51A96F2C-6AA7-46CF-A27C-C94F467712DD}
		{A0328ED7-13B4-49A7-8093-710E1ACAD80E} = {9808B3CD-1B2B-4BD1-8F01-6A6C6DF00255}
		{315F2CF2-5EAB-4D1C-B224-06C25FA2556D} = {51A96F2C-6AA7-46CF-A27C-C94F467712DD}
		{42C22B76-2CEE-4C60-BAC0-F296050DAFFB} = {9808B3CD-1B2B-4BD1-8F01-6A6C6DF00255}
		{8E10CEE1-A2D4-413E-B8D3-36134976B56D} = {51A96F2C-6AA7-46CF-A27C-C94F467712DD}
		{164B2B21-BA19-4C3D-B97F-FA7EFA7B4BD8} = {9808B3CD-1B2B-4BD1-8F01-6A6C6DF00255}
		{EE0A467E-0706-4CC5-8F31-1F5A32933FCE} = {9808B3CD-1B2B-4BD1-8F01-6A6C6DF00255}
		{3FF7DE30-4868-4E62-8C07-0D7439DC8B7B} = {9808B3CD-1B2B-4BD1-8F01-6A6C6DF00255}
		{9BFA75CD-F35C-466F-B797-742E0D97CF6A} = {9808B3CD-1B2B-4BD1-8F01-6A6C6DF00255}
		{1482397B-B764-49C6-8B51-C2758130583C} = {9808B3CD-1B2B-4BD1-8F01-6A6C6DF00255}
		{C2A0B478-E7B6-4216-8A06-F11B75B506B4} = {51A96F2C-6AA7-46CF-A27C-C94F467712DD}
		{9FD609C2-B3D3-47A9-B087-A3647DE6F8CB} = {51A96F2C-6AA7-46CF-A27C-C94F467712DD}
		{6798B52A-D999-4005-94BF-D92EA602A0D9} = {51A96F2C-6AA7-46CF-A27C-C94F467712DD}
		{024DC798-990B-419E-B1D9-B5C06C679C01} = {51A96F2C-6AA7-46CF-A27C-C94F467712DD}
		{B571EC62-34DF-41C0-B2D1-7F787A157BDF} = {51A96F2C-6AA7-46CF-A27C-C94F467712DD}
		{DF256C72-00AE-4D26-A821-698B088251F5} = {51A96F2C-6AA7-46CF-A27C-C94F467712DD}
		{0D83658B-BA71-4A0C-BA47-9CA100660BAD} = {51A96F2C-6AA7-46CF-A27C-C94F467712DD}
		{D435A59C-157B-4BF5-B6C7-03371B688D44} = {9808B3CD-1B2B-4BD1-8F01-6A6C6DF00255}
		{78E37369-C60D-4673-BC09-66CA537125D1} = {51A96F2C-6AA7-46CF-A27C-C94F467712DD}
		{856843F0-A669-40CC-8A80-3797CD01489A} = {51A96F2C-6AA7-46CF-A27C-C94F467712DD}
		{CCC12150-CFC3-4F99-B1DC-3193B40A64CE} = {9808B3CD-1B2B-4BD1-8F01-6A6C6DF00255}
		{40568B6F-3BC9-42E5-8F18-C5AD5CCC404F} = {9808B3CD-1B2B-4BD1-8F01-6A6C6DF00255}
		{AB934D31-2D95-42D5-B1A0-EC02D6AA19AF} = {51A96F2C-6AA7-46CF-A27C-C94F467712DD}
		{DE90F206-9B94-44A6-B339-DB5E72EC123A} = {51A96F2C-6AA7-46CF-A27C-C94F467712DD}
		{CA8D4913-C531-4E8A-87D1-E8DF7F18B0B4} = {9808B3CD-1B2B-4BD1-8F01-6A6C6DF00255}
		{134A4D4B-6705-401F-9AFD-2C05EB15DF20} = {9808B3CD-1B2B-4BD1-8F01-6A6C6DF00255}
		{6336A813-BC60-4DBD-A4BA-4CCBD7DE388F} = {51A96F2C-6AA7-46CF-A27C-C94F467712DD}
		{8A0123CF-6F20-4D3D-A9B2-670486008FD3} = {51A96F2C-6AA7-46CF-A27C-C94F467712DD}
		{E77A6A4B-26EB-4F3A-B152-ED8B0CBF91A7} = {9808B3CD-1B2B-4BD1-8F01-6A6C6DF00255}
	EndGlobalSection
EndGlobal
